
Microsoft Visual Studio Solution File, Format Version 12.00
# Visual Studio Version 17
VisualStudioVersion = 17.6.33815.320
MinimumVisualStudioVersion = 10.0.40219.1
Project("{FAE04EC0-301F-11D3-BF4B-00C04F79EFBC}") = "DripCheckAPI", "DripCheckAPI.csproj", "{0971E0D2-8398-4F27-8710-CA304029F970}"
EndProject
Global
	GlobalSection(SolutionConfigurationPlatforms) = preSolution
		Debug|Any CPU = Debug|Any CPU
		Release|Any CPU = Release|Any CPU
	EndGlobalSection
	GlobalSection(ProjectConfigurationPlatforms) = postSolution
		{0971E0D2-8398-4F27-8710-CA304029F970}.Debug|Any CPU.ActiveCfg = Debug|Any CPU
		{0971E0D2-8398-4F27-8710-CA304029F970}.Debug|Any CPU.Build.0 = Debug|Any CPU
		{0971E0D2-8398-4F27-8710-CA304029F970}.Release|Any CPU.ActiveCfg = Release|Any CPU
		{0971E0D2-8398-4F27-8710-CA304029F970}.Release|Any CPU.Build.0 = Release|Any CPU
	EndGlobalSection
	GlobalSection(SolutionProperties) = preSolution
		HideSolutionNode = FALSE
	EndGlobalSection
	GlobalSection(ExtensibilityGlobals) = postSolution
		SolutionGuid = {499F9F1F-6565-4496-8F78-EC0E37C082D3}
	EndGlobalSection
EndGlobal
